
Microsoft Visual Studio Solution File, Format Version 12.00
# Visual Studio Version 16
VisualStudioVersion = 16.0.34114.132
MinimumVisualStudioVersion = 10.0.40219.1
Project("{FAE04EC0-301F-11D3-BF4B-00C04F79EFBC}") = "Lecture_1", "Lecture_1.csproj", "{3F482E52-C6B3-4E59-A414-ECB2E0D8A3F8}"
EndProject
Global
	GlobalSection(SolutionConfigurationPlatforms) = preSolution
		Debug|Any CPU = Debug|Any CPU
		Release|Any CPU = Release|Any CPU
	EndGlobalSection
	GlobalSection(ProjectConfigurationPlatforms) = postSolution
		{3F482E52-C6B3-4E59-A414-ECB2E0D8A3F8}.Debug|Any CPU.ActiveCfg = Debug|Any CPU
		{3F482E52-C6B3-4E59-A414-ECB2E0D8A3F8}.Debug|Any CPU.Build.0 = Debug|Any CPU
		{3F482E52-C6B3-4E59-A414-ECB2E0D8A3F8}.Release|Any CPU.ActiveCfg = Release|Any CPU
		{3F482E52-C6B3-4E59-A414-ECB2E0D8A3F8}.Release|Any CPU.Build.0 = Release|Any CPU
	EndGlobalSection
	GlobalSection(SolutionProperties) = preSolution
		HideSolutionNode = FALSE
	EndGlobalSection
	GlobalSection(ExtensibilityGlobals) = postSolution
		SolutionGuid = {59102B89-8B16-4EEE-BF66-D8622E18B41B}
	EndGlobalSection
EndGlobal
